
Microsoft Visual Studio Solution File, Format Version 12.00
# Visual Studio Version 16
VisualStudioVersion = 16.0.29230.47
MinimumVisualStudioVersion = 10.0.40219.1
Project("{FAE04EC0-301F-11D3-BF4B-00C04F79EFBC}") = "COMP2084GAssignment1", "COMP2084GAssignment1\COMP2084GAssignment1.csproj", "{D4177391-6799-44DC-B858-2E8DF681F58C}"
EndProject
Global
	GlobalSection(SolutionConfigurationPlatforms) = preSolution
		Debug|Any CPU = Debug|Any CPU
		Release|Any CPU = Release|Any CPU
	EndGlobalSection
	GlobalSection(ProjectConfigurationPlatforms) = postSolution
		{D4177391-6799-44DC-B858-2E8DF681F58C}.Debug|Any CPU.ActiveCfg = Debug|Any CPU
		{D4177391-6799-44DC-B858-2E8DF681F58C}.Debug|Any CPU.Build.0 = Debug|Any CPU
		{D4177391-6799-44DC-B858-2E8DF681F58C}.Release|Any CPU.ActiveCfg = Release|Any CPU
		{D4177391-6799-44DC-B858-2E8DF681F58C}.Release|Any CPU.Build.0 = Release|Any CPU
	EndGlobalSection
	GlobalSection(SolutionProperties) = preSolution
		HideSolutionNode = FALSE
	EndGlobalSection
	GlobalSection(ExtensibilityGlobals) = postSolution
		SolutionGuid = {ADB522A8-178C-4DC0-A4E7-B1A7C1C01756}
	EndGlobalSection
EndGlobal
